{
  "name": "chess-FEN",
  "lockfileVersion": 2,
  "requires": true,
  "packages": {
    "": {
      "dependencies": {
        "chess.js": "^0.12.1"
      }
    },
    "node_modules/chess.js": {
      "version": "0.12.1",
      "resolved": "https://registry.npmjs.org/chess.js/-/chess.js-0.12.1.tgz",
      "integrity": "sha512-95PsuUCtoxPyQNB+29k54OWGeEEpuWXu+d+oWL/fcko5T5NhDuGxaYmoXcZ6KUnFKyUYxdLjwqRqCWZonRuoJQ=="
    }
  },
  "dependencies": {
    "chess.js": {
      "version": "0.12.1",
      "resolved": "https://registry.npmjs.org/chess.js/-/chess.js-0.12.1.tgz",
      "integrity": "sha512-95PsuUCtoxPyQNB+29k54OWGeEEpuWXu+d+oWL/fcko5T5NhDuGxaYmoXcZ6KUnFKyUYxdLjwqRqCWZonRuoJQ=="
    }
  }
}
